
Microsoft Visual Studio Solution File, Format Version 12.00
# Visual Studio Version 16
VisualStudioVersion = 16.0.30717.126
MinimumVisualStudioVersion = 10.0.40219.1
Project("{FAE04EC0-301F-11D3-BF4B-00C04F79EFBC}") = "ToDoList", "ToDoList\ToDoList.csproj", "{8C7DF30A-42CD-48F9-82D1-4F26C3881EB8}"
EndProject
Global
	GlobalSection(SolutionConfigurationPlatforms) = preSolution
		Debug|Any CPU = Debug|Any CPU
		Release|Any CPU = Release|Any CPU
	EndGlobalSection
	GlobalSection(ProjectConfigurationPlatforms) = postSolution
		{8C7DF30A-42CD-48F9-82D1-4F26C3881EB8}.Debug|Any CPU.ActiveCfg = Debug|Any CPU
		{8C7DF30A-42CD-48F9-82D1-4F26C3881EB8}.Debug|Any CPU.Build.0 = Debug|Any CPU
		{8C7DF30A-42CD-48F9-82D1-4F26C3881EB8}.Release|Any CPU.ActiveCfg = Release|Any CPU
		{8C7DF30A-42CD-48F9-82D1-4F26C3881EB8}.Release|Any CPU.Build.0 = Release|Any CPU
	EndGlobalSection
	GlobalSection(SolutionProperties) = preSolution
		HideSolutionNode = FALSE
	EndGlobalSection
	GlobalSection(ExtensibilityGlobals) = postSolution
		SolutionGuid = {E35D1375-A10C-4ED2-A4C0-996E643DB15F}
	EndGlobalSection
EndGlobal
